
Microsoft Visual Studio Solution File, Format Version 12.00
# Visual Studio Version 16
VisualStudioVersion = 16.0.31702.278
MinimumVisualStudioVersion = 10.0.40219.1
Project("{FAE04EC0-301F-11D3-BF4B-00C04F79EFBC}") = "HThavraniQGame", "HThavraniQGame.csproj", "{F6966957-4927-415F-A056-1F48B1DE312D}"
EndProject
Global
	GlobalSection(SolutionConfigurationPlatforms) = preSolution
		Debug|Any CPU = Debug|Any CPU
		Release|Any CPU = Release|Any CPU
	EndGlobalSection
	GlobalSection(ProjectConfigurationPlatforms) = postSolution
		{F6966957-4927-415F-A056-1F48B1DE312D}.Debug|Any CPU.ActiveCfg = Debug|Any CPU
		{F6966957-4927-415F-A056-1F48B1DE312D}.Debug|Any CPU.Build.0 = Debug|Any CPU
		{F6966957-4927-415F-A056-1F48B1DE312D}.Release|Any CPU.ActiveCfg = Release|Any CPU
		{F6966957-4927-415F-A056-1F48B1DE312D}.Release|Any CPU.Build.0 = Release|Any CPU
	EndGlobalSection
	GlobalSection(SolutionProperties) = preSolution
		HideSolutionNode = FALSE
	EndGlobalSection
	GlobalSection(ExtensibilityGlobals) = postSolution
		SolutionGuid = {5F4E9ACE-C045-463E-B476-BA382596CBAF}
	EndGlobalSection
EndGlobal
